
Microsoft Visual Studio Solution File, Format Version 12.00
# Visual Studio Version 17
VisualStudioVersion = 17.5.002.0
MinimumVisualStudioVersion = 10.0.40219.1
Project("{9A19103F-16F7-4668-BE54-9A1E7A4F7556}") = "CsAi", "CsAi.csproj", "{DC1B956B-C2D9-448D-A3B8-37A741E5F4E5}"
EndProject
Global
	GlobalSection(SolutionConfigurationPlatforms) = preSolution
		Debug|Any CPU = Debug|Any CPU
		Release|Any CPU = Release|Any CPU
	EndGlobalSection
	GlobalSection(ProjectConfigurationPlatforms) = postSolution
		{DC1B956B-C2D9-448D-A3B8-37A741E5F4E5}.Debug|Any CPU.ActiveCfg = Debug|Any CPU
		{DC1B956B-C2D9-448D-A3B8-37A741E5F4E5}.Debug|Any CPU.Build.0 = Debug|Any CPU
		{DC1B956B-C2D9-448D-A3B8-37A741E5F4E5}.Release|Any CPU.ActiveCfg = Release|Any CPU
		{DC1B956B-C2D9-448D-A3B8-37A741E5F4E5}.Release|Any CPU.Build.0 = Release|Any CPU
	EndGlobalSection
	GlobalSection(SolutionProperties) = preSolution
		HideSolutionNode = FALSE
	EndGlobalSection
	GlobalSection(ExtensibilityGlobals) = postSolution
		SolutionGuid = {E551EBB2-1E19-4980-8B84-50439320645B}
	EndGlobalSection
EndGlobal
